
Microsoft Visual Studio Solution File, Format Version 12.00
# Visual Studio Version 17
VisualStudioVersion = 17.2.32616.157
MinimumVisualStudioVersion = 10.0.40219.1
Project("{FAE04EC0-301F-11D3-BF4B-00C04F79EFBC}") = "RESTFulWebAPI", "RESTFulWebAPI\RESTFulWebAPI.csproj", "{278C64E6-321B-41DE-A2E4-23DD46B20E86}"
EndProject
Global
	GlobalSection(SolutionConfigurationPlatforms) = preSolution
		Debug|Any CPU = Debug|Any CPU
		Release|Any CPU = Release|Any CPU
	EndGlobalSection
	GlobalSection(ProjectConfigurationPlatforms) = postSolution
		{278C64E6-321B-41DE-A2E4-23DD46B20E86}.Debug|Any CPU.ActiveCfg = Debug|Any CPU
		{278C64E6-321B-41DE-A2E4-23DD46B20E86}.Debug|Any CPU.Build.0 = Debug|Any CPU
		{278C64E6-321B-41DE-A2E4-23DD46B20E86}.Release|Any CPU.ActiveCfg = Release|Any CPU
		{278C64E6-321B-41DE-A2E4-23DD46B20E86}.Release|Any CPU.Build.0 = Release|Any CPU
	EndGlobalSection
	GlobalSection(SolutionProperties) = preSolution
		HideSolutionNode = FALSE
	EndGlobalSection
	GlobalSection(ExtensibilityGlobals) = postSolution
		SolutionGuid = {348A7D51-5957-4D40-ABB4-8C0FD6DB3577}
	EndGlobalSection
EndGlobal
